{
  "lockfile-version": 1,
  "manifest": {
    "version": 1,
    "install": {
      "ansible": {
        "pkg-path": "ansible"
      },
      "cilium-cli": {
        "pkg-path": "cilium-cli"
      },
      "kubernetes-helm": {
        "pkg-path": "kubernetes-helm"
      },
      "kubevirt": {
        "pkg-path": "kubevirt"
      },
      "kustomize": {
        "pkg-path": "kustomize"
      },
      "nixos-generators": {
        "pkg-path": "nixos-generators"
      },
      "vcluster": {
        "pkg-path": "vcluster"
      }
    },
    "hook": {},
    "profile": {},
    "options": {
      "systems": [
        "aarch64-darwin",
        "aarch64-linux",
        "x86_64-darwin",
        "x86_64-linux"
      ],
      "allow": {
        "licenses": []
      },
      "semver": {}
    }
  },
  "packages": [
    {
      "attr_path": "ansible",
      "broken": false,
      "derivation": "/nix/store/6g7716cpx6zv4p286ij2gngr003nps7i-python3.12-ansible-core-2.17.6.drv",
      "description": "Radically simple IT automation",
      "install_id": "ansible",
      "license": "GPL-3.0-or-later",
      "locked_url": "https://github.com/flox/nixpkgs?rev=d3c42f187194c26d9f0309a8ecc469d6c878ce33",
      "name": "ansible-core-2.17.6",
      "pname": "ansible",
      "rev": "d3c42f187194c26d9f0309a8ecc469d6c878ce33",
      "rev_count": 723344,
      "rev_date": "2024-12-17T08:37:14Z",
      "scrape_date": "2024-12-19T03:52:25Z",
      "stabilities": [
        "staging",
        "unstable"
      ],
      "unfree": false,
      "version": "2.17.6",
      "outputs_to_install": [
        "out"
      ],
      "outputs": {
        "dist": "/nix/store/lfnq585gp82s8522xn2cdzrrpdh1lm0c-python3.12-ansible-core-2.17.6-dist",
        "out": "/nix/store/6kfsz5zlmp6v5fx3wnps5js389xxplyh-python3.12-ansible-core-2.17.6"
      },
      "system": "aarch64-darwin",
      "group": "toplevel",
      "priority": 5
    },
    {
      "attr_path": "ansible",
      "broken": false,
      "derivation": "/nix/store/445fz98ql91bmmv405cs0yf8xqqp02mq-python3.12-ansible-core-2.17.6.drv",
      "description": "Radically simple IT automation",
      "install_id": "ansible",
      "license": "GPL-3.0-or-later",
      "locked_url": "https://github.com/flox/nixpkgs?rev=d3c42f187194c26d9f0309a8ecc469d6c878ce33",
      "name": "ansible-core-2.17.6",
      "pname": "ansible",
      "rev": "d3c42f187194c26d9f0309a8ecc469d6c878ce33",
      "rev_count": 723344,
      "rev_date": "2024-12-17T08:37:14Z",
      "scrape_date": "2024-12-19T03:52:25Z",
      "stabilities": [
        "staging",
        "unstable"
      ],
      "unfree": false,
      "version": "2.17.6",
      "outputs_to_install": [
        "out"
      ],
      "outputs": {
        "dist": "/nix/store/g35l95ymvr86zmx2qs0npjyl0p12kf62-python3.12-ansible-core-2.17.6-dist",
        "out": "/nix/store/lsxl8k735whgmzfnh2h1n7hcr56f5gmk-python3.12-ansible-core-2.17.6"
      },
      "system": "aarch64-linux",
      "group": "toplevel",
      "priority": 5
    },
    {
      "attr_path": "ansible",
      "broken": false,
      "derivation": "/nix/store/32hb3i35z7cjiblg70d52q47vrajw9bv-python3.12-ansible-core-2.17.6.drv",
      "description": "Radically simple IT automation",
      "install_id": "ansible",
      "license": "GPL-3.0-or-later",
      "locked_url": "https://github.com/flox/nixpkgs?rev=d3c42f187194c26d9f0309a8ecc469d6c878ce33",
      "name": "ansible-core-2.17.6",
      "pname": "ansible",
      "rev": "d3c42f187194c26d9f0309a8ecc469d6c878ce33",
      "rev_count": 723344,
      "rev_date": "2024-12-17T08:37:14Z",
      "scrape_date": "2024-12-19T03:52:25Z",
      "stabilities": [
        "staging",
        "unstable"
      ],
      "unfree": false,
      "version": "2.17.6",
      "outputs_to_install": [
        "out"
      ],
      "outputs": {
        "dist": "/nix/store/pvx5dq87fm209mcp8wa2vr3hyd90s7cj-python3.12-ansible-core-2.17.6-dist",
        "out": "/nix/store/3w6k7797vvmmcgjzyddl2vdzch89jvj3-python3.12-ansible-core-2.17.6"
      },
      "system": "x86_64-darwin",
      "group": "toplevel",
      "priority": 5
    },
    {
      "attr_path": "ansible",
      "broken": false,
      "derivation": "/nix/store/7pp5a9kmi0bb9s4zap387ppkxc55d7lg-python3.12-ansible-core-2.17.6.drv",
      "description": "Radically simple IT automation",
      "install_id": "ansible",
      "license": "GPL-3.0-or-later",
      "locked_url": "https://github.com/flox/nixpkgs?rev=d3c42f187194c26d9f0309a8ecc469d6c878ce33",
      "name": "ansible-core-2.17.6",
      "pname": "ansible",
      "rev": "d3c42f187194c26d9f0309a8ecc469d6c878ce33",
      "rev_count": 723344,
      "rev_date": "2024-12-17T08:37:14Z",
      "scrape_date": "2024-12-19T03:52:25Z",
      "stabilities": [
        "staging",
        "unstable"
      ],
      "unfree": false,
      "version": "2.17.6",
      "outputs_to_install": [
        "out"
      ],
      "outputs": {
        "dist": "/nix/store/ljdzbjmismgh405r7xjyiplwc9pr2h02-python3.12-ansible-core-2.17.6-dist",
        "out": "/nix/store/b6lykaa1awjhxs5bhz9bcksh7zwaysl5-python3.12-ansible-core-2.17.6"
      },
      "system": "x86_64-linux",
      "group": "toplevel",
      "priority": 5
    },
    {
      "attr_path": "cilium-cli",
      "broken": false,
      "derivation": "/nix/store/sfcjc174gi6nksh84j91zrhqzlq92g53-cilium-cli-0.16.21.drv",
      "description": "CLI to install, manage & troubleshoot Kubernetes clusters running Cilium",
      "install_id": "cilium-cli",
      "license": "Apache-2.0",
      "locked_url": "https://github.com/flox/nixpkgs?rev=d3c42f187194c26d9f0309a8ecc469d6c878ce33",
      "name": "cilium-cli-0.16.21",
      "pname": "cilium-cli",
      "rev": "d3c42f187194c26d9f0309a8ecc469d6c878ce33",
      "rev_count": 723344,
      "rev_date": "2024-12-17T08:37:14Z",
      "scrape_date": "2024-12-19T03:52:25Z",
      "stabilities": [
        "staging",
        "unstable"
      ],
      "unfree": false,
      "version": "0.16.21",
      "outputs_to_install": [
        "out"
      ],
      "outputs": {
        "out": "/nix/store/k4vrfxkjk0610mq2idjzvfw52k0r28mj-cilium-cli-0.16.21"
      },
      "system": "aarch64-darwin",
      "group": "toplevel",
      "priority": 5
    },
    {
      "attr_path": "cilium-cli",
      "broken": false,
      "derivation": "/nix/store/xhd0p893fnm4w0mfl1h5jzabr5fbxk9n-cilium-cli-0.16.21.drv",
      "description": "CLI to install, manage & troubleshoot Kubernetes clusters running Cilium",
      "install_id": "cilium-cli",
      "license": "Apache-2.0",
      "locked_url": "https://github.com/flox/nixpkgs?rev=d3c42f187194c26d9f0309a8ecc469d6c878ce33",
      "name": "cilium-cli-0.16.21",
      "pname": "cilium-cli",
      "rev": "d3c42f187194c26d9f0309a8ecc469d6c878ce33",
      "rev_count": 723344,
      "rev_date": "2024-12-17T08:37:14Z",
      "scrape_date": "2024-12-19T03:52:25Z",
      "stabilities": [
        "staging",
        "unstable"
      ],
      "unfree": false,
      "version": "0.16.21",
      "outputs_to_install": [
        "out"
      ],
      "outputs": {
        "out": "/nix/store/pvk2byxka1y7f5vaqs729q0hnx33mjf4-cilium-cli-0.16.21"
      },
      "system": "aarch64-linux",
      "group": "toplevel",
      "priority": 5
    },
    {
      "attr_path": "cilium-cli",
      "broken": false,
      "derivation": "/nix/store/989xhyyh199gi1h3raqyyr25qnkhh1gp-cilium-cli-0.16.21.drv",
      "description": "CLI to install, manage & troubleshoot Kubernetes clusters running Cilium",
      "install_id": "cilium-cli",
      "license": "Apache-2.0",
      "locked_url": "https://github.com/flox/nixpkgs?rev=d3c42f187194c26d9f0309a8ecc469d6c878ce33",
      "name": "cilium-cli-0.16.21",
      "pname": "cilium-cli",
      "rev": "d3c42f187194c26d9f0309a8ecc469d6c878ce33",
      "rev_count": 723344,
      "rev_date": "2024-12-17T08:37:14Z",
      "scrape_date": "2024-12-19T03:52:25Z",
      "stabilities": [
        "staging",
        "unstable"
      ],
      "unfree": false,
      "version": "0.16.21",
      "outputs_to_install": [
        "out"
      ],
      "outputs": {
        "out": "/nix/store/87abpjlk7wa1q7bwdf3fzpb5iinl50cg-cilium-cli-0.16.21"
      },
      "system": "x86_64-darwin",
      "group": "toplevel",
      "priority": 5
    },
    {
      "attr_path": "cilium-cli",
      "broken": false,
      "derivation": "/nix/store/h9s5zdh61xz7v5k363qripw8kicmqam7-cilium-cli-0.16.21.drv",
      "description": "CLI to install, manage & troubleshoot Kubernetes clusters running Cilium",
      "install_id": "cilium-cli",
      "license": "Apache-2.0",
      "locked_url": "https://github.com/flox/nixpkgs?rev=d3c42f187194c26d9f0309a8ecc469d6c878ce33",
      "name": "cilium-cli-0.16.21",
      "pname": "cilium-cli",
      "rev": "d3c42f187194c26d9f0309a8ecc469d6c878ce33",
      "rev_count": 723344,
      "rev_date": "2024-12-17T08:37:14Z",
      "scrape_date": "2024-12-19T03:52:25Z",
      "stabilities": [
        "staging",
        "unstable"
      ],
      "unfree": false,
      "version": "0.16.21",
      "outputs_to_install": [
        "out"
      ],
      "outputs": {
        "out": "/nix/store/9dv3m0q708c1b7h2ka7g21gx95lvahz9-cilium-cli-0.16.21"
      },
      "system": "x86_64-linux",
      "group": "toplevel",
      "priority": 5
    },
    {
      "attr_path": "kubernetes-helm",
      "broken": false,
      "derivation": "/nix/store/innmg3wd7vpj33vhxmzkhj21nnvbhd22-kubernetes-helm-3.16.3.drv",
      "description": "Package manager for kubernetes",
      "install_id": "kubernetes-helm",
      "license": "Apache-2.0",
      "locked_url": "https://github.com/flox/nixpkgs?rev=d3c42f187194c26d9f0309a8ecc469d6c878ce33",
      "name": "kubernetes-helm-3.16.3",
      "pname": "kubernetes-helm",
      "rev": "d3c42f187194c26d9f0309a8ecc469d6c878ce33",
      "rev_count": 723344,
      "rev_date": "2024-12-17T08:37:14Z",
      "scrape_date": "2024-12-19T03:52:25Z",
      "stabilities": [
        "staging",
        "unstable"
      ],
      "unfree": false,
      "version": "3.16.3",
      "outputs_to_install": [
        "out"
      ],
      "outputs": {
        "out": "/nix/store/ppr8wia2hmshknp9yfhr7ivqqigqqq4j-kubernetes-helm-3.16.3"
      },
      "system": "aarch64-darwin",
      "group": "toplevel",
      "priority": 5
    },
    {
      "attr_path": "kubernetes-helm",
      "broken": false,
      "derivation": "/nix/store/6fv3qq9yxphznqi6gf3jbl4xvv1d0hrm-kubernetes-helm-3.16.3.drv",
      "description": "Package manager for kubernetes",
      "install_id": "kubernetes-helm",
      "license": "Apache-2.0",
      "locked_url": "https://github.com/flox/nixpkgs?rev=d3c42f187194c26d9f0309a8ecc469d6c878ce33",
      "name": "kubernetes-helm-3.16.3",
      "pname": "kubernetes-helm",
      "rev": "d3c42f187194c26d9f0309a8ecc469d6c878ce33",
      "rev_count": 723344,
      "rev_date": "2024-12-17T08:37:14Z",
      "scrape_date": "2024-12-19T03:52:25Z",
      "stabilities": [
        "staging",
        "unstable"
      ],
      "unfree": false,
      "version": "3.16.3",
      "outputs_to_install": [
        "out"
      ],
      "outputs": {
        "out": "/nix/store/khb4q5cgkrl5rngnkqhzl4z8scmj1ppl-kubernetes-helm-3.16.3"
      },
      "system": "aarch64-linux",
      "group": "toplevel",
      "priority": 5
    },
    {
      "attr_path": "kubernetes-helm",
      "broken": false,
      "derivation": "/nix/store/zsv3hx9dp2rw1nnavblw5hkgpxlvnb9z-kubernetes-helm-3.16.3.drv",
      "description": "Package manager for kubernetes",
      "install_id": "kubernetes-helm",
      "license": "Apache-2.0",
      "locked_url": "https://github.com/flox/nixpkgs?rev=d3c42f187194c26d9f0309a8ecc469d6c878ce33",
      "name": "kubernetes-helm-3.16.3",
      "pname": "kubernetes-helm",
      "rev": "d3c42f187194c26d9f0309a8ecc469d6c878ce33",
      "rev_count": 723344,
      "rev_date": "2024-12-17T08:37:14Z",
      "scrape_date": "2024-12-19T03:52:25Z",
      "stabilities": [
        "staging",
        "unstable"
      ],
      "unfree": false,
      "version": "3.16.3",
      "outputs_to_install": [
        "out"
      ],
      "outputs": {
        "out": "/nix/store/8xbrzsfv1q0kkranniy99fcszpwmjglr-kubernetes-helm-3.16.3"
      },
      "system": "x86_64-darwin",
      "group": "toplevel",
      "priority": 5
    },
    {
      "attr_path": "kubernetes-helm",
      "broken": false,
      "derivation": "/nix/store/g83w6nl2qwp728ija6bv7l378mmpnd4h-kubernetes-helm-3.16.3.drv",
      "description": "Package manager for kubernetes",
      "install_id": "kubernetes-helm",
      "license": "Apache-2.0",
      "locked_url": "https://github.com/flox/nixpkgs?rev=d3c42f187194c26d9f0309a8ecc469d6c878ce33",
      "name": "kubernetes-helm-3.16.3",
      "pname": "kubernetes-helm",
      "rev": "d3c42f187194c26d9f0309a8ecc469d6c878ce33",
      "rev_count": 723344,
      "rev_date": "2024-12-17T08:37:14Z",
      "scrape_date": "2024-12-19T03:52:25Z",
      "stabilities": [
        "staging",
        "unstable"
      ],
      "unfree": false,
      "version": "3.16.3",
      "outputs_to_install": [
        "out"
      ],
      "outputs": {
        "out": "/nix/store/38ydgzfww64vkq9wyi5p0a924jxgaaqk-kubernetes-helm-3.16.3"
      },
      "system": "x86_64-linux",
      "group": "toplevel",
      "priority": 5
    },
    {
      "attr_path": "kubevirt",
      "broken": false,
      "derivation": "/nix/store/j0f3f908c0iqj8ndk0sgx57dmhzl19pl-kubevirt-1.4.0.drv",
      "description": "Client tool to use advanced features such as console access",
      "install_id": "kubevirt",
      "license": "Apache-2.0",
      "locked_url": "https://github.com/flox/nixpkgs?rev=d3c42f187194c26d9f0309a8ecc469d6c878ce33",
      "name": "kubevirt-1.4.0",
      "pname": "kubevirt",
      "rev": "d3c42f187194c26d9f0309a8ecc469d6c878ce33",
      "rev_count": 723344,
      "rev_date": "2024-12-17T08:37:14Z",
      "scrape_date": "2024-12-19T03:52:25Z",
      "stabilities": [
        "staging",
        "unstable"
      ],
      "unfree": false,
      "version": "1.4.0",
      "outputs_to_install": [
        "out"
      ],
      "outputs": {
        "out": "/nix/store/p8l7py2013ngaalqc7ky41dlwa9gc6qd-kubevirt-1.4.0"
      },
      "system": "aarch64-darwin",
      "group": "toplevel",
      "priority": 5
    },
    {
      "attr_path": "kubevirt",
      "broken": false,
      "derivation": "/nix/store/g6ydnl0c65ffx0hnpf7r9rzi4qi7jsms-kubevirt-1.4.0.drv",
      "description": "Client tool to use advanced features such as console access",
      "install_id": "kubevirt",
      "license": "Apache-2.0",
      "locked_url": "https://github.com/flox/nixpkgs?rev=d3c42f187194c26d9f0309a8ecc469d6c878ce33",
      "name": "kubevirt-1.4.0",
      "pname": "kubevirt",
      "rev": "d3c42f187194c26d9f0309a8ecc469d6c878ce33",
      "rev_count": 723344,
      "rev_date": "2024-12-17T08:37:14Z",
      "scrape_date": "2024-12-19T03:52:25Z",
      "stabilities": [
        "staging",
        "unstable"
      ],
      "unfree": false,
      "version": "1.4.0",
      "outputs_to_install": [
        "out"
      ],
      "outputs": {
        "out": "/nix/store/vj6l14dn945c33z78qhk5g9lnh5hx8p6-kubevirt-1.4.0"
      },
      "system": "aarch64-linux",
      "group": "toplevel",
      "priority": 5
    },
    {
      "attr_path": "kubevirt",
      "broken": false,
      "derivation": "/nix/store/rr7xskrxfl59z61fs769v0b6rbn6srmj-kubevirt-1.4.0.drv",
      "description": "Client tool to use advanced features such as console access",
      "install_id": "kubevirt",
      "license": "Apache-2.0",
      "locked_url": "https://github.com/flox/nixpkgs?rev=d3c42f187194c26d9f0309a8ecc469d6c878ce33",
      "name": "kubevirt-1.4.0",
      "pname": "kubevirt",
      "rev": "d3c42f187194c26d9f0309a8ecc469d6c878ce33",
      "rev_count": 723344,
      "rev_date": "2024-12-17T08:37:14Z",
      "scrape_date": "2024-12-19T03:52:25Z",
      "stabilities": [
        "staging",
        "unstable"
      ],
      "unfree": false,
      "version": "1.4.0",
      "outputs_to_install": [
        "out"
      ],
      "outputs": {
        "out": "/nix/store/h3f135przfbvvr4r9fn0w2jf1c5m4whi-kubevirt-1.4.0"
      },
      "system": "x86_64-darwin",
      "group": "toplevel",
      "priority": 5
    },
    {
      "attr_path": "kubevirt",
      "broken": false,
      "derivation": "/nix/store/c71fvba9r0qv1ynnb7x3sibi40rb2r46-kubevirt-1.4.0.drv",
      "description": "Client tool to use advanced features such as console access",
      "install_id": "kubevirt",
      "license": "Apache-2.0",
      "locked_url": "https://github.com/flox/nixpkgs?rev=d3c42f187194c26d9f0309a8ecc469d6c878ce33",
      "name": "kubevirt-1.4.0",
      "pname": "kubevirt",
      "rev": "d3c42f187194c26d9f0309a8ecc469d6c878ce33",
      "rev_count": 723344,
      "rev_date": "2024-12-17T08:37:14Z",
      "scrape_date": "2024-12-19T03:52:25Z",
      "stabilities": [
        "staging",
        "unstable"
      ],
      "unfree": false,
      "version": "1.4.0",
      "outputs_to_install": [
        "out"
      ],
      "outputs": {
        "out": "/nix/store/yqp65378b9s6gwxlw9s72qa10hlk4675-kubevirt-1.4.0"
      },
      "system": "x86_64-linux",
      "group": "toplevel",
      "priority": 5
    },
    {
      "attr_path": "kustomize",
      "broken": false,
      "derivation": "/nix/store/dzi65ps6axn5hzjx0cfq9v5553r6s0db-kustomize-5.5.0.drv",
      "description": "Customization of kubernetes YAML configurations",
      "install_id": "kustomize",
      "license": "Apache-2.0",
      "locked_url": "https://github.com/flox/nixpkgs?rev=d3c42f187194c26d9f0309a8ecc469d6c878ce33",
      "name": "kustomize-5.5.0",
      "pname": "kustomize",
      "rev": "d3c42f187194c26d9f0309a8ecc469d6c878ce33",
      "rev_count": 723344,
      "rev_date": "2024-12-17T08:37:14Z",
      "scrape_date": "2024-12-19T03:52:25Z",
      "stabilities": [
        "staging",
        "unstable"
      ],
      "unfree": false,
      "version": "5.5.0",
      "outputs_to_install": [
        "out"
      ],
      "outputs": {
        "out": "/nix/store/p51k1hc2kkdq67gll9qmf7wr9hn7i2rs-kustomize-5.5.0"
      },
      "system": "aarch64-darwin",
      "group": "toplevel",
      "priority": 5
    },
    {
      "attr_path": "kustomize",
      "broken": false,
      "derivation": "/nix/store/w0ca3fnpsvdz0kwrmg70mqvl3xb7pcdl-kustomize-5.5.0.drv",
      "description": "Customization of kubernetes YAML configurations",
      "install_id": "kustomize",
      "license": "Apache-2.0",
      "locked_url": "https://github.com/flox/nixpkgs?rev=d3c42f187194c26d9f0309a8ecc469d6c878ce33",
      "name": "kustomize-5.5.0",
      "pname": "kustomize",
      "rev": "d3c42f187194c26d9f0309a8ecc469d6c878ce33",
      "rev_count": 723344,
      "rev_date": "2024-12-17T08:37:14Z",
      "scrape_date": "2024-12-19T03:52:25Z",
      "stabilities": [
        "staging",
        "unstable"
      ],
      "unfree": false,
      "version": "5.5.0",
      "outputs_to_install": [
        "out"
      ],
      "outputs": {
        "out": "/nix/store/sjvam8hhzbqwg7r2b6m41yds8vjcbyfg-kustomize-5.5.0"
      },
      "system": "aarch64-linux",
      "group": "toplevel",
      "priority": 5
    },
    {
      "attr_path": "kustomize",
      "broken": false,
      "derivation": "/nix/store/dxh9lm649na7cjgpkfwinfmxsasx635n-kustomize-5.5.0.drv",
      "description": "Customization of kubernetes YAML configurations",
      "install_id": "kustomize",
      "license": "Apache-2.0",
      "locked_url": "https://github.com/flox/nixpkgs?rev=d3c42f187194c26d9f0309a8ecc469d6c878ce33",
      "name": "kustomize-5.5.0",
      "pname": "kustomize",
      "rev": "d3c42f187194c26d9f0309a8ecc469d6c878ce33",
      "rev_count": 723344,
      "rev_date": "2024-12-17T08:37:14Z",
      "scrape_date": "2024-12-19T03:52:25Z",
      "stabilities": [
        "staging",
        "unstable"
      ],
      "unfree": false,
      "version": "5.5.0",
      "outputs_to_install": [
        "out"
      ],
      "outputs": {
        "out": "/nix/store/g2r3q1iw83z5knibpp7lfg1d28ln2gzv-kustomize-5.5.0"
      },
      "system": "x86_64-darwin",
      "group": "toplevel",
      "priority": 5
    },
    {
      "attr_path": "kustomize",
      "broken": false,
      "derivation": "/nix/store/mi2zmp2pwygb63m005pyh8n6h5snyilh-kustomize-5.5.0.drv",
      "description": "Customization of kubernetes YAML configurations",
      "install_id": "kustomize",
      "license": "Apache-2.0",
      "locked_url": "https://github.com/flox/nixpkgs?rev=d3c42f187194c26d9f0309a8ecc469d6c878ce33",
      "name": "kustomize-5.5.0",
      "pname": "kustomize",
      "rev": "d3c42f187194c26d9f0309a8ecc469d6c878ce33",
      "rev_count": 723344,
      "rev_date": "2024-12-17T08:37:14Z",
      "scrape_date": "2024-12-19T03:52:25Z",
      "stabilities": [
        "staging",
        "unstable"
      ],
      "unfree": false,
      "version": "5.5.0",
      "outputs_to_install": [
        "out"
      ],
      "outputs": {
        "out": "/nix/store/gjpp6303g6akd5p29mjdnfgx1hmsygds-kustomize-5.5.0"
      },
      "system": "x86_64-linux",
      "group": "toplevel",
      "priority": 5
    },
    {
      "attr_path": "nixos-generators",
      "broken": false,
      "derivation": "/nix/store/bwpk0paxp0sxm4qxzfmgh0gi7f7yy31h-nixos-generators-1.8.0.drv",
      "description": "Collection of image builders",
      "install_id": "nixos-generators",
      "license": "MIT",
      "locked_url": "https://github.com/flox/nixpkgs?rev=d3c42f187194c26d9f0309a8ecc469d6c878ce33",
      "name": "nixos-generators-1.8.0",
      "pname": "nixos-generators",
      "rev": "d3c42f187194c26d9f0309a8ecc469d6c878ce33",
      "rev_count": 723344,
      "rev_date": "2024-12-17T08:37:14Z",
      "scrape_date": "2024-12-19T03:52:25Z",
      "stabilities": [
        "staging",
        "unstable"
      ],
      "unfree": false,
      "version": "1.8.0",
      "outputs_to_install": [
        "out"
      ],
      "outputs": {
        "out": "/nix/store/68bx6pvvksb2i3vbz3wbfmq9x0381758-nixos-generators-1.8.0"
      },
      "system": "aarch64-darwin",
      "group": "toplevel",
      "priority": 5
    },
    {
      "attr_path": "nixos-generators",
      "broken": false,
      "derivation": "/nix/store/x609vrywqfl35wqz7j1wdhv1zjvvsfi4-nixos-generators-1.8.0.drv",
      "description": "Collection of image builders",
      "install_id": "nixos-generators",
      "license": "MIT",
      "locked_url": "https://github.com/flox/nixpkgs?rev=d3c42f187194c26d9f0309a8ecc469d6c878ce33",
      "name": "nixos-generators-1.8.0",
      "pname": "nixos-generators",
      "rev": "d3c42f187194c26d9f0309a8ecc469d6c878ce33",
      "rev_count": 723344,
      "rev_date": "2024-12-17T08:37:14Z",
      "scrape_date": "2024-12-19T03:52:25Z",
      "stabilities": [
        "staging",
        "unstable"
      ],
      "unfree": false,
      "version": "1.8.0",
      "outputs_to_install": [
        "out"
      ],
      "outputs": {
        "out": "/nix/store/qy7mcsai4rm5cc8rxqfza6ykjq9m82jf-nixos-generators-1.8.0"
      },
      "system": "aarch64-linux",
      "group": "toplevel",
      "priority": 5
    },
    {
      "attr_path": "nixos-generators",
      "broken": false,
      "derivation": "/nix/store/fpvpmvc2na0gdvwky3w1xvfw9yiax463-nixos-generators-1.8.0.drv",
      "description": "Collection of image builders",
      "install_id": "nixos-generators",
      "license": "MIT",
      "locked_url": "https://github.com/flox/nixpkgs?rev=d3c42f187194c26d9f0309a8ecc469d6c878ce33",
      "name": "nixos-generators-1.8.0",
      "pname": "nixos-generators",
      "rev": "d3c42f187194c26d9f0309a8ecc469d6c878ce33",
      "rev_count": 723344,
      "rev_date": "2024-12-17T08:37:14Z",
      "scrape_date": "2024-12-19T03:52:25Z",
      "stabilities": [
        "staging",
        "unstable"
      ],
      "unfree": false,
      "version": "1.8.0",
      "outputs_to_install": [
        "out"
      ],
      "outputs": {
        "out": "/nix/store/gack94yl27fgr4qswyq1dqy4mhc6x29x-nixos-generators-1.8.0"
      },
      "system": "x86_64-darwin",
      "group": "toplevel",
      "priority": 5
    },
    {
      "attr_path": "nixos-generators",
      "broken": false,
      "derivation": "/nix/store/9rnvifdlc0xplyvvg58r0mfw45r49x9f-nixos-generators-1.8.0.drv",
      "description": "Collection of image builders",
      "install_id": "nixos-generators",
      "license": "MIT",
      "locked_url": "https://github.com/flox/nixpkgs?rev=d3c42f187194c26d9f0309a8ecc469d6c878ce33",
      "name": "nixos-generators-1.8.0",
      "pname": "nixos-generators",
      "rev": "d3c42f187194c26d9f0309a8ecc469d6c878ce33",
      "rev_count": 723344,
      "rev_date": "2024-12-17T08:37:14Z",
      "scrape_date": "2024-12-19T03:52:25Z",
      "stabilities": [
        "staging",
        "unstable"
      ],
      "unfree": false,
      "version": "1.8.0",
      "outputs_to_install": [
        "out"
      ],
      "outputs": {
        "out": "/nix/store/i1idg6fx8w9148w9kn2al2s7jjzc6nvz-nixos-generators-1.8.0"
      },
      "system": "x86_64-linux",
      "group": "toplevel",
      "priority": 5
    },
    {
      "attr_path": "vcluster",
      "broken": false,
      "derivation": "/nix/store/nbx1vr2gniv1z6jfam3vx4mi12g93r3k-vcluster-0.19.7.drv",
      "description": "Create fully functional virtual Kubernetes clusters",
      "install_id": "vcluster",
      "license": "Apache-2.0",
      "locked_url": "https://github.com/flox/nixpkgs?rev=d3c42f187194c26d9f0309a8ecc469d6c878ce33",
      "name": "vcluster-0.19.7",
      "pname": "vcluster",
      "rev": "d3c42f187194c26d9f0309a8ecc469d6c878ce33",
      "rev_count": 723344,
      "rev_date": "2024-12-17T08:37:14Z",
      "scrape_date": "2024-12-19T03:52:25Z",
      "stabilities": [
        "staging",
        "unstable"
      ],
      "unfree": false,
      "version": "0.19.7",
      "outputs_to_install": [
        "out"
      ],
      "outputs": {
        "out": "/nix/store/svwha0b58jd4p0qgaypdqdh97jv7vy6w-vcluster-0.19.7"
      },
      "system": "aarch64-darwin",
      "group": "toplevel",
      "priority": 5
    },
    {
      "attr_path": "vcluster",
      "broken": false,
      "derivation": "/nix/store/8wwwh57agmxfia0agqijmaxf0gjaprwq-vcluster-0.19.7.drv",
      "description": "Create fully functional virtual Kubernetes clusters",
      "install_id": "vcluster",
      "license": "Apache-2.0",
      "locked_url": "https://github.com/flox/nixpkgs?rev=d3c42f187194c26d9f0309a8ecc469d6c878ce33",
      "name": "vcluster-0.19.7",
      "pname": "vcluster",
      "rev": "d3c42f187194c26d9f0309a8ecc469d6c878ce33",
      "rev_count": 723344,
      "rev_date": "2024-12-17T08:37:14Z",
      "scrape_date": "2024-12-19T03:52:25Z",
      "stabilities": [
        "staging",
        "unstable"
      ],
      "unfree": false,
      "version": "0.19.7",
      "outputs_to_install": [
        "out"
      ],
      "outputs": {
        "out": "/nix/store/cf30kj826yxjz2ps4jymv0h2xwg15fcj-vcluster-0.19.7"
      },
      "system": "aarch64-linux",
      "group": "toplevel",
      "priority": 5
    },
    {
      "attr_path": "vcluster",
      "broken": false,
      "derivation": "/nix/store/8jn683ybw99gpv4204060d4v29wi3cwy-vcluster-0.19.7.drv",
      "description": "Create fully functional virtual Kubernetes clusters",
      "install_id": "vcluster",
      "license": "Apache-2.0",
      "locked_url": "https://github.com/flox/nixpkgs?rev=d3c42f187194c26d9f0309a8ecc469d6c878ce33",
      "name": "vcluster-0.19.7",
      "pname": "vcluster",
      "rev": "d3c42f187194c26d9f0309a8ecc469d6c878ce33",
      "rev_count": 723344,
      "rev_date": "2024-12-17T08:37:14Z",
      "scrape_date": "2024-12-19T03:52:25Z",
      "stabilities": [
        "staging",
        "unstable"
      ],
      "unfree": false,
      "version": "0.19.7",
      "outputs_to_install": [
        "out"
      ],
      "outputs": {
        "out": "/nix/store/38lcdd4s82dyy84z3lp71ff46rc7pn1k-vcluster-0.19.7"
      },
      "system": "x86_64-darwin",
      "group": "toplevel",
      "priority": 5
    },
    {
      "attr_path": "vcluster",
      "broken": false,
      "derivation": "/nix/store/hywnmrdb1d28p4z6z7gnf1h1l7fs35ks-vcluster-0.19.7.drv",
      "description": "Create fully functional virtual Kubernetes clusters",
      "install_id": "vcluster",
      "license": "Apache-2.0",
      "locked_url": "https://github.com/flox/nixpkgs?rev=d3c42f187194c26d9f0309a8ecc469d6c878ce33",
      "name": "vcluster-0.19.7",
      "pname": "vcluster",
      "rev": "d3c42f187194c26d9f0309a8ecc469d6c878ce33",
      "rev_count": 723344,
      "rev_date": "2024-12-17T08:37:14Z",
      "scrape_date": "2024-12-19T03:52:25Z",
      "stabilities": [
        "staging",
        "unstable"
      ],
      "unfree": false,
      "version": "0.19.7",
      "outputs_to_install": [
        "out"
      ],
      "outputs": {
        "out": "/nix/store/qx91zwj9vzfkq1sxgriy928zshjngjck-vcluster-0.19.7"
      },
      "system": "x86_64-linux",
      "group": "toplevel",
      "priority": 5
    }
  ]
}